
Microsoft Visual Studio Solution File, Format Version 12.00
# Visual Studio 15
VisualStudioVersion = 15.0.26403.3
MinimumVisualStudioVersion = 10.0.40219.1
Project("{FAE04EC0-301F-11D3-BF4B-00C04F79EFBC}") = "Fruitylator", "Fruitylator\Fruitylator.csproj", "{A4B069A9-C39D-4477-9807-7D48CDC97B60}"
EndProject
Project("{FAE04EC0-301F-11D3-BF4B-00C04F79EFBC}") = "Fruitylator.Core", "Fruitylator.Core\Fruitylator.Core.csproj", "{A5741EE7-5D4D-4A11-92B9-264DE77DE94D}"
EndProject
Project("{FAE04EC0-301F-11D3-BF4B-00C04F79EFBC}") = "Fruitylator.Styles", "Fruitylator.Styles\Fruitylator.Styles.csproj", "{0EAE5C75-9E6F-411C-A718-0C38D0B40215}"
EndProject
Global
	GlobalSection(SolutionConfigurationPlatforms) = preSolution
		Debug|Any CPU = Debug|Any CPU
		Release|Any CPU = Release|Any CPU
	EndGlobalSection
	GlobalSection(ProjectConfigurationPlatforms) = postSolution
		{A4B069A9-C39D-4477-9807-7D48CDC97B60}.Debug|Any CPU.ActiveCfg = Debug|Any CPU
		{A4B069A9-C39D-4477-9807-7D48CDC97B60}.Debug|Any CPU.Build.0 = Debug|Any CPU
		{A4B069A9-C39D-4477-9807-7D48CDC97B60}.Release|Any CPU.ActiveCfg = Release|Any CPU
		{A4B069A9-C39D-4477-9807-7D48CDC97B60}.Release|Any CPU.Build.0 = Release|Any CPU
		{A5741EE7-5D4D-4A11-92B9-264DE77DE94D}.Debug|Any CPU.ActiveCfg = Debug|Any CPU
		{A5741EE7-5D4D-4A11-92B9-264DE77DE94D}.Debug|Any CPU.Build.0 = Debug|Any CPU
		{A5741EE7-5D4D-4A11-92B9-264DE77DE94D}.Release|Any CPU.ActiveCfg = Release|Any CPU
		{A5741EE7-5D4D-4A11-92B9-264DE77DE94D}.Release|Any CPU.Build.0 = Release|Any CPU
		{0EAE5C75-9E6F-411C-A718-0C38D0B40215}.Debug|Any CPU.ActiveCfg = Debug|Any CPU
		{0EAE5C75-9E6F-411C-A718-0C38D0B40215}.Debug|Any CPU.Build.0 = Debug|Any CPU
		{0EAE5C75-9E6F-411C-A718-0C38D0B40215}.Release|Any CPU.ActiveCfg = Release|Any CPU
		{0EAE5C75-9E6F-411C-A718-0C38D0B40215}.Release|Any CPU.Build.0 = Release|Any CPU
	EndGlobalSection
	GlobalSection(SolutionProperties) = preSolution
		HideSolutionNode = FALSE
	EndGlobalSection
EndGlobal
